{
  "name": "fast-async",
  "version": "6.3.7",
  "lockfileVersion": 1,
  "requires": true,
  "dependencies": {
    "acorn": {
      "version": "5.5.3",
      "resolved": "https://registry.npmjs.org/acorn/-/acorn-5.5.3.tgz",
      "integrity": "sha512-jd5MkIUlbbmb07nXH0DT3y7rDVtkzDi4XZOUVWAer8ajmF/DTSSbl5oNFyDOl/OXA33Bl79+ypHhl2pN20VeOQ=="
    },
    "acorn-es7-plugin": {
      "version": "1.1.7",
      "resolved": "https://registry.npmjs.org/acorn-es7-plugin/-/acorn-es7-plugin-1.1.7.tgz",
      "integrity": "sha1-8u4fMiipDurRJF+asZIusucdM2s="
    },
    "nodent-compiler": {
      "version": "3.2.4",
      "resolved": "https://registry.npmjs.org/nodent-compiler/-/nodent-compiler-3.2.4.tgz",
      "integrity": "sha512-xbUji/qmkp1CgNxDWQdHI1blKoECdRkV34hqUIWeJLoPVCsEpUWpepxSHcdvUJfacq9y/2LAFi8xcTlD+hW4tA==",
      "requires": {
        "acorn": "5.5.3",
        "acorn-es7-plugin": "1.1.7",
        "nodent-transform": "3.2.4",
        "source-map": "0.5.7"
      }
    },
    "nodent-runtime": {
      "version": "3.2.1",
      "resolved": "https://registry.npmjs.org/nodent-runtime/-/nodent-runtime-3.2.1.tgz",
      "integrity": "sha512-7Ws63oC+215smeKJQCxzrK21VFVlCFBkwl0MOObt0HOpVQXs3u483sAmtkF33nNqZ5rSOQjB76fgyPBmAUrtCA=="
    },
    "nodent-transform": {
      "version": "3.2.4",
      "resolved": "https://registry.npmjs.org/nodent-transform/-/nodent-transform-3.2.4.tgz",
      "integrity": "sha1-ZB9R7PgtnDNjO4uaKNKgAw86kuQ="
    },
    "source-map": {
      "version": "0.5.7",
      "resolved": "https://registry.npmjs.org/source-map/-/source-map-0.5.7.tgz",
      "integrity": "sha1-igOdLRAh0i0eoUyA2OpGi6LvP8w="
    }
  }
}
