{
  "name": "fast-async",
  "version": "6.3.5",
  "lockfileVersion": 1,
  "requires": true,
  "dependencies": {
    "acorn": {
      "version": "5.5.3",
      "resolved": "https://registry.npmjs.org/acorn/-/acorn-5.5.3.tgz",
      "integrity": "sha512-jd5MkIUlbbmb07nXH0DT3y7rDVtkzDi4XZOUVWAer8ajmF/DTSSbl5oNFyDOl/OXA33Bl79+ypHhl2pN20VeOQ=="
    },
    "acorn-es7-plugin": {
      "version": "1.1.7",
      "resolved": "https://registry.npmjs.org/acorn-es7-plugin/-/acorn-es7-plugin-1.1.7.tgz",
      "integrity": "sha1-8u4fMiipDurRJF+asZIusucdM2s="
    },
    "nodent-compiler": {
      "version": "3.2.0",
      "resolved": "https://registry.npmjs.org/nodent-compiler/-/nodent-compiler-3.2.0.tgz",
      "integrity": "sha512-NzmEUUXF44K2Sx1RSGfLb4ivNUkPSg0KOyTrTK5nD1lOpeukn1w4CeCt/LpKWWfxTToyfmY3tQrkAUSHcfQBtQ==",
      "requires": {
        "acorn": "5.5.3",
        "acorn-es7-plugin": "1.1.7",
        "nodent-transform": "3.2.0",
        "source-map": "0.5.7"
      }
    },
    "nodent-runtime": {
      "version": "3.2.1",
      "resolved": "https://registry.npmjs.org/nodent-runtime/-/nodent-runtime-3.2.1.tgz",
      "integrity": "sha512-7Ws63oC+215smeKJQCxzrK21VFVlCFBkwl0MOObt0HOpVQXs3u483sAmtkF33nNqZ5rSOQjB76fgyPBmAUrtCA=="
    },
    "nodent-transform": {
      "version": "3.2.0",
      "resolved": "https://registry.npmjs.org/nodent-transform/-/nodent-transform-3.2.0.tgz",
      "integrity": "sha512-CLurjzErCzeqgiwDIjXaT3oTGB2avhv3jt9s9ITMXT2fepAJ9ar9K43YFXOHZ1ggv+qlJSXcdVZU7gd1jLbbUQ=="
    },
    "source-map": {
      "version": "0.5.7",
      "resolved": "https://registry.npmjs.org/source-map/-/source-map-0.5.7.tgz",
      "integrity": "sha1-igOdLRAh0i0eoUyA2OpGi6LvP8w="
    }
  }
}
