{
  "name": "fast-async",
  "version": "6.3.4",
  "lockfileVersion": 1,
  "requires": true,
  "dependencies": {
    "acorn": {
      "version": "5.5.3",
      "resolved": "https://registry.npmjs.org/acorn/-/acorn-5.5.3.tgz",
      "integrity": "sha512-jd5MkIUlbbmb07nXH0DT3y7rDVtkzDi4XZOUVWAer8ajmF/DTSSbl5oNFyDOl/OXA33Bl79+ypHhl2pN20VeOQ=="
    },
    "acorn-es7-plugin": {
      "version": "1.1.7",
      "resolved": "https://registry.npmjs.org/acorn-es7-plugin/-/acorn-es7-plugin-1.1.7.tgz",
      "integrity": "sha1-8u4fMiipDurRJF+asZIusucdM2s="
    },
    "nodent-compiler": {
      "version": "3.1.8",
      "resolved": "https://registry.npmjs.org/nodent-compiler/-/nodent-compiler-3.1.8.tgz",
      "integrity": "sha512-wGWVPOf94TiMuY4u9JQD86Kj4hYJj9YjyNghs/AtWrZDAM8Vf0+pRu5DwF1QffkDfuVOeAKh5tVmkKxeuHF38Q==",
      "requires": {
        "acorn": "5.5.3",
        "acorn-es7-plugin": "1.1.7",
        "source-map": "0.5.7"
      }
    },
    "nodent-runtime": {
      "version": "3.2.1",
      "resolved": "https://registry.npmjs.org/nodent-runtime/-/nodent-runtime-3.2.1.tgz",
      "integrity": "sha512-7Ws63oC+215smeKJQCxzrK21VFVlCFBkwl0MOObt0HOpVQXs3u483sAmtkF33nNqZ5rSOQjB76fgyPBmAUrtCA=="
    },
    "source-map": {
      "version": "0.5.7",
      "resolved": "https://registry.npmjs.org/source-map/-/source-map-0.5.7.tgz",
      "integrity": "sha1-igOdLRAh0i0eoUyA2OpGi6LvP8w="
    }
  }
}
